
Microsoft Visual Studio Solution File, Format Version 12.00
# Visual Studio Version 16
VisualStudioVersion = 16.0.29503.13
MinimumVisualStudioVersion = 10.0.40219.1
Project("{8BC9CEB8-8B4A-11D0-8D11-00A0C91BC942}") = "ThreadCriticalSection", "ThreadCriticalSection\ThreadCriticalSection.vcxproj", "{F1E39D5C-D9FF-4391-9135-C1FE9BB688DC}"
EndProject
Global
	GlobalSection(SolutionConfigurationPlatforms) = preSolution
		Debug|x64 = Debug|x64
		Debug|x86 = Debug|x86
		Release|x64 = Release|x64
		Release|x86 = Release|x86
	EndGlobalSection
	GlobalSection(ProjectConfigurationPlatforms) = postSolution
		{F1E39D5C-D9FF-4391-9135-C1FE9BB688DC}.Debug|x64.ActiveCfg = Debug|x64
		{F1E39D5C-D9FF-4391-9135-C1FE9BB688DC}.Debug|x64.Build.0 = Debug|x64
		{F1E39D5C-D9FF-4391-9135-C1FE9BB688DC}.Debug|x86.ActiveCfg = Debug|Win32
		{F1E39D5C-D9FF-4391-9135-C1FE9BB688DC}.Debug|x86.Build.0 = Debug|Win32
		{F1E39D5C-D9FF-4391-9135-C1FE9BB688DC}.Release|x64.ActiveCfg = Release|x64
		{F1E39D5C-D9FF-4391-9135-C1FE9BB688DC}.Release|x64.Build.0 = Release|x64
		{F1E39D5C-D9FF-4391-9135-C1FE9BB688DC}.Release|x86.ActiveCfg = Release|Win32
		{F1E39D5C-D9FF-4391-9135-C1FE9BB688DC}.Release|x86.Build.0 = Release|Win32
	EndGlobalSection
	GlobalSection(SolutionProperties) = preSolution
		HideSolutionNode = FALSE
	EndGlobalSection
	GlobalSection(ExtensibilityGlobals) = postSolution
		SolutionGuid = {38E8A55E-96DE-4109-BB5E-C1F004E5FC0B}
	EndGlobalSection
EndGlobal
