
Microsoft Visual Studio Solution File, Format Version 12.00
# Visual Studio Version 16
VisualStudioVersion = 16.0.29503.13
MinimumVisualStudioVersion = 10.0.40219.1
Project("{8BC9CEB8-8B4A-11D0-8D11-00A0C91BC942}") = "Server", "Server\Server.vcxproj", "{011BE253-1162-47B0-8881-3D9EF1A9E5BD}"
EndProject
Global
	GlobalSection(SolutionConfigurationPlatforms) = preSolution
		Debug|x64 = Debug|x64
		Debug|x86 = Debug|x86
		Release|x64 = Release|x64
		Release|x86 = Release|x86
	EndGlobalSection
	GlobalSection(ProjectConfigurationPlatforms) = postSolution
		{011BE253-1162-47B0-8881-3D9EF1A9E5BD}.Debug|x64.ActiveCfg = Debug|x64
		{011BE253-1162-47B0-8881-3D9EF1A9E5BD}.Debug|x64.Build.0 = Debug|x64
		{011BE253-1162-47B0-8881-3D9EF1A9E5BD}.Debug|x86.ActiveCfg = Debug|Win32
		{011BE253-1162-47B0-8881-3D9EF1A9E5BD}.Debug|x86.Build.0 = Debug|Win32
		{011BE253-1162-47B0-8881-3D9EF1A9E5BD}.Release|x64.ActiveCfg = Release|x64
		{011BE253-1162-47B0-8881-3D9EF1A9E5BD}.Release|x64.Build.0 = Release|x64
		{011BE253-1162-47B0-8881-3D9EF1A9E5BD}.Release|x86.ActiveCfg = Release|Win32
		{011BE253-1162-47B0-8881-3D9EF1A9E5BD}.Release|x86.Build.0 = Release|Win32
	EndGlobalSection
	GlobalSection(SolutionProperties) = preSolution
		HideSolutionNode = FALSE
	EndGlobalSection
	GlobalSection(ExtensibilityGlobals) = postSolution
		SolutionGuid = {537B26CB-43C8-445C-B69A-FE5A8BA62156}
	EndGlobalSection
EndGlobal
